
Microsoft Visual Studio Solution File, Format Version 12.00
# Visual Studio 15
VisualStudioVersion = 15.0.28307.539
MinimumVisualStudioVersion = 10.0.40219.1
Project("{FAE04EC0-301F-11D3-BF4B-00C04F79EFBC}") = "GamePlan", "GamePlan\GamePlan.csproj", "{FE60F62B-B538-4924-93B0-18514C562B73}"
EndProject
Global
	GlobalSection(SolutionConfigurationPlatforms) = preSolution
		Debug|Any CPU = Debug|Any CPU
		Release|Any CPU = Release|Any CPU
	EndGlobalSection
	GlobalSection(ProjectConfigurationPlatforms) = postSolution
		{FE60F62B-B538-4924-93B0-18514C562B73}.Debug|Any CPU.ActiveCfg = Debug|Any CPU
		{FE60F62B-B538-4924-93B0-18514C562B73}.Debug|Any CPU.Build.0 = Debug|Any CPU
		{FE60F62B-B538-4924-93B0-18514C562B73}.Release|Any CPU.ActiveCfg = Release|Any CPU
		{FE60F62B-B538-4924-93B0-18514C562B73}.Release|Any CPU.Build.0 = Release|Any CPU
	EndGlobalSection
	GlobalSection(SolutionProperties) = preSolution
		HideSolutionNode = FALSE
	EndGlobalSection
	GlobalSection(ExtensibilityGlobals) = postSolution
		SolutionGuid = {9E67753F-DCA4-4929-89DA-375F35DB6DB1}
	EndGlobalSection
EndGlobal
